// !$*UTF8*$!
{
	archiveVersion = 1;
	classes = {
	};
	objectVersion = 46;
	objects = {

/* Begin PBXBuildFile section */
		317453AE1F5EA45D00843E5B /* Cast.swift in Sources */ = {isa = PBXBuildFile; fileRef = 317453AD1F5EA45D00843E5B /* Cast.swift */; };
		317453B71F5EAAC600843E5B /* CastCollectionViewCell.xib in Resources */ = {isa = PBXBuildFile; fileRef = 317453B61F5EAAC600843E5B /* CastCollectionViewCell.xib */; };
		3176F81F1F5D677E00FD823D /* Overview.xib in Resources */ = {isa = PBXBuildFile; fileRef = 3176F81E1F5D677E00FD823D /* Overview.xib */; };
		3176F8221F5D67F300FD823D /* Overview.swift in Sources */ = {isa = PBXBuildFile; fileRef = 3176F8211F5D67F300FD823D /* Overview.swift */; };
		318DE9011F6140AB006D534C /* Vehicles.swift in Sources */ = {isa = PBXBuildFile; fileRef = 318DE9001F6140AB006D534C /* Vehicles.swift */; };
		318DE9061F61433C006D534C /* Vehicles.xib in Resources */ = {isa = PBXBuildFile; fileRef = 318DE9051F61433C006D534C /* Vehicles.xib */; };
		318DE9111F6188F8006D534C /* HorizontalModule.swift in Sources */ = {isa = PBXBuildFile; fileRef = 318DE9101F6188F8006D534C /* HorizontalModule.swift */; };
		318DE9141F6191AF006D534C /* Cast.xib in Resources */ = {isa = PBXBuildFile; fileRef = 318DE9131F6191AF006D534C /* Cast.xib */; };
		318DE9171F6192BE006D534C /* HorizontalListWithTitleCollectionViewCell.swift in Sources */ = {isa = PBXBuildFile; fileRef = 318DE9151F6192BE006D534C /* HorizontalListWithTitleCollectionViewCell.swift */; };
		318DE91E1F619DB8006D534C /* HorizontalListWithTitleCollectionViewCell.xib in Resources */ = {isa = PBXBuildFile; fileRef = 318DE91D1F619DB8006D534C /* HorizontalListWithTitleCollectionViewCell.xib */; };
		318DE9201F619EE0006D534C /* HorizontalListNoTitleCollectionViewCell.xib in Resources */ = {isa = PBXBuildFile; fileRef = 318DE91F1F619EE0006D534C /* HorizontalListNoTitleCollectionViewCell.xib */; };
		318DE9221F61A1BF006D534C /* HorizontalListNoTitleCollectionViewCell.swift in Sources */ = {isa = PBXBuildFile; fileRef = 318DE9211F61A1BF006D534C /* HorizontalListNoTitleCollectionViewCell.swift */; };
		318DE9241F61A2A3006D534C /* HorizontalListWithLikeCollectionViewCell.xib in Resources */ = {isa = PBXBuildFile; fileRef = 318DE9231F61A2A2006D534C /* HorizontalListWithLikeCollectionViewCell.xib */; };
		318DE9261F61A38C006D534C /* HorizontalListWithLikeCollectionViewCell.swift in Sources */ = {isa = PBXBuildFile; fileRef = 318DE9251F61A38C006D534C /* HorizontalListWithLikeCollectionViewCell.swift */; };
		318DE9281F61A403006D534C /* HorizontalListSoundTrackCollectionViewCell.xib in Resources */ = {isa = PBXBuildFile; fileRef = 318DE9271F61A403006D534C /* HorizontalListSoundTrackCollectionViewCell.xib */; };
		318DE92A1F61A552006D534C /* HorizontalListSoundTrackCollectionViewCell.swift in Sources */ = {isa = PBXBuildFile; fileRef = 318DE9291F61A552006D534C /* HorizontalListSoundTrackCollectionViewCell.swift */; };
		318DE9301F61B88C006D534C /* CastCollectionViewCell.swift in Sources */ = {isa = PBXBuildFile; fileRef = 318DE92F1F61B88C006D534C /* CastCollectionViewCell.swift */; };
		31DE95081F5FE10100841995 /* SelectableLabel.swift in Sources */ = {isa = PBXBuildFile; fileRef = 31DE95071F5FE10000841995 /* SelectableLabel.swift */; };
		31DE950A1F5FE10C00841995 /* Constants.swift in Sources */ = {isa = PBXBuildFile; fileRef = 31DE95091F5FE10C00841995 /* Constants.swift */; };
		31DE950F1F5FEC6500841995 /* BasicInfo.swift in Sources */ = {isa = PBXBuildFile; fileRef = 31DE950E1F5FEC6500841995 /* BasicInfo.swift */; };
		31DE95161F5FF16000841995 /* BasicInfo.xib in Resources */ = {isa = PBXBuildFile; fileRef = 31DE95151F5FF16000841995 /* BasicInfo.xib */; };
		31DE95191F5FF49700841995 /* BasicInfoCollectionViewCell.swift in Sources */ = {isa = PBXBuildFile; fileRef = 31DE95171F5FF49700841995 /* BasicInfoCollectionViewCell.swift */; };
		31DE951A1F5FF49700841995 /* BasicInfoCollectionViewCell.xib in Resources */ = {isa = PBXBuildFile; fileRef = 31DE95181F5FF49700841995 /* BasicInfoCollectionViewCell.xib */; };
		31DE951C1F6022CD00841995 /* PlacesShown.swift in Sources */ = {isa = PBXBuildFile; fileRef = 31DE951B1F6022CD00841995 /* PlacesShown.swift */; };
		31DE95211F60253900841995 /* PlacesShown.xib in Resources */ = {isa = PBXBuildFile; fileRef = 31DE95201F60253800841995 /* PlacesShown.xib */; };
		322E45DF1F5542E4009FA621 /* Assets.xcassets in Resources */ = {isa = PBXBuildFile; fileRef = 322E45DE1F5542E4009FA621 /* Assets.xcassets */; };
		323600191F502D22000CED94 /* AnchorImage.swift in Sources */ = {isa = PBXBuildFile; fileRef = 3236000A1F502D22000CED94 /* AnchorImage.swift */; };
		3236001A1F502D22000CED94 /* DiveWaterFallLayout.swift in Sources */ = {isa = PBXBuildFile; fileRef = 3236000C1F502D22000CED94 /* DiveWaterFallLayout.swift */; };
		3236001B1F502D22000CED94 /* ToolsExtensions.swift in Sources */ = {isa = PBXBuildFile; fileRef = 3236000D1F502D22000CED94 /* ToolsExtensions.swift */; };
		3236001C1F502D22000CED94 /* Measure.swift in Sources */ = {isa = PBXBuildFile; fileRef = 3236000E1F502D22000CED94 /* Measure.swift */; };
		3236001D1F502D22000CED94 /* MZSelectableLabel.h in Headers */ = {isa = PBXBuildFile; fileRef = 323600101F502D22000CED94 /* MZSelectableLabel.h */; };
		3236001E1F502D22000CED94 /* MZSelectableLabel.m in Sources */ = {isa = PBXBuildFile; fileRef = 323600111F502D22000CED94 /* MZSelectableLabel.m */; };
		3236001F1F502D22000CED94 /* UIColor+Equalable.h in Headers */ = {isa = PBXBuildFile; fileRef = 323600121F502D22000CED94 /* UIColor+Equalable.h */; };
		323600201F502D22000CED94 /* UIColor+Equalable.m in Sources */ = {isa = PBXBuildFile; fileRef = 323600131F502D22000CED94 /* UIColor+Equalable.m */; };
		323600211F502D22000CED94 /* SCSiriWaveformView.h in Headers */ = {isa = PBXBuildFile; fileRef = 323600151F502D22000CED94 /* SCSiriWaveformView.h */; };
		323600221F502D22000CED94 /* SCSiriWaveformView.m in Sources */ = {isa = PBXBuildFile; fileRef = 323600161F502D22000CED94 /* SCSiriWaveformView.m */; };
		323600231F502D22000CED94 /* SynchroLoadingAnimationView.swift in Sources */ = {isa = PBXBuildFile; fileRef = 323600171F502D22000CED94 /* SynchroLoadingAnimationView.swift */; };
		323600241F502D22000CED94 /* Utils.swift in Sources */ = {isa = PBXBuildFile; fileRef = 323600181F502D22000CED94 /* Utils.swift */; };
		323600261F502DE6000CED94 /* APISDKExtensions.swift in Sources */ = {isa = PBXBuildFile; fileRef = 323600251F502DE6000CED94 /* APISDKExtensions.swift */; };
		3269EF911F57FC5800341A69 /* Sizeable.xib in Resources */ = {isa = PBXBuildFile; fileRef = 3269EF901F57FC5800341A69 /* Sizeable.xib */; };
		3269EFBB1F5836A500341A69 /* ApiSDKConfiguration.swift in Sources */ = {isa = PBXBuildFile; fileRef = 3269EFBA1F5836A500341A69 /* ApiSDKConfiguration.swift */; };
		326DFC481F4EF8C9004E08BC /* DiveApi.framework in Frameworks */ = {isa = PBXBuildFile; fileRef = 326DFC471F4EF8C9004E08BC /* DiveApi.framework */; };
		3273E8D51F5053BD006D8F9D /* Sizeable.swift in Sources */ = {isa = PBXBuildFile; fileRef = 3273E8D31F5053BD006D8F9D /* Sizeable.swift */; };
		32D00D681F56CCE400018304 /* Localizable.strings in Resources */ = {isa = PBXBuildFile; fileRef = 32D00D6A1F56CCE400018304 /* Localizable.strings */; };
		32D65FF71F543BEB0048A002 /* MovieHeader.swift in Sources */ = {isa = PBXBuildFile; fileRef = 32D65FF51F543BEB0048A002 /* MovieHeader.swift */; };
		32D65FF81F543BEB0048A002 /* MovieHeader.xib in Resources */ = {isa = PBXBuildFile; fileRef = 32D65FF61F543BEB0048A002 /* MovieHeader.xib */; };
		32D71ADF1F4ED7D9000992B5 /* APISDKFront.h in Headers */ = {isa = PBXBuildFile; fileRef = 32D71ADD1F4ED7D9000992B5 /* APISDKFront.h */; settings = {ATTRIBUTES = (Public, ); }; };
		32D71B1C1F4ED7F4000992B5 /* BaseCardDetailBuilder.swift in Sources */ = {isa = PBXBuildFile; fileRef = 32D71AE61F4ED7F4000992B5 /* BaseCardDetailBuilder.swift */; };
		32D71B1D1F4ED7F4000992B5 /* CardDetailBuilder.swift in Sources */ = {isa = PBXBuildFile; fileRef = 32D71AE71F4ED7F4000992B5 /* CardDetailBuilder.swift */; };
		32D71B1E1F4ED7F4000992B5 /* CardDetailJson.swift in Sources */ = {isa = PBXBuildFile; fileRef = 32D71AE81F4ED7F4000992B5 /* CardDetailJson.swift */; };
		32D71B1F1F4ED7F4000992B5 /* CardDetailRender.swift in Sources */ = {isa = PBXBuildFile; fileRef = 32D71AE91F4ED7F4000992B5 /* CardDetailRender.swift */; };
		32D71B201F4ED7F4000992B5 /* ModuleValidator.swift in Sources */ = {isa = PBXBuildFile; fileRef = 32D71AEA1F4ED7F4000992B5 /* ModuleValidator.swift */; };
		32D71B241F4ED7F4000992B5 /* CardDetailErrors.swift in Sources */ = {isa = PBXBuildFile; fileRef = 32D71AEF1F4ED7F4000992B5 /* CardDetailErrors.swift */; };
		32D71B271F4ED7F4000992B5 /* ConfigModule.swift in Sources */ = {isa = PBXBuildFile; fileRef = 32D71AF21F4ED7F4000992B5 /* ConfigModule.swift */; };
		32D71B281F4ED7F4000992B5 /* ConfigSection.swift in Sources */ = {isa = PBXBuildFile; fileRef = 32D71AF31F4ED7F4000992B5 /* ConfigSection.swift */; };
		32D71B2D1F4ED7F4000992B5 /* DataModelErrors.swift in Sources */ = {isa = PBXBuildFile; fileRef = 32D71AF81F4ED7F4000992B5 /* DataModelErrors.swift */; };
		32D71B2F1F4ED7F4000992B5 /* ErrorManager.swift in Sources */ = {isa = PBXBuildFile; fileRef = 32D71AFA1F4ED7F4000992B5 /* ErrorManager.swift */; };
		32D71B421F4ED7F4000992B5 /* Target.swift in Sources */ = {isa = PBXBuildFile; fileRef = 32D71B0D1F4ED7F4000992B5 /* Target.swift */; };
		32D71B491F4ED7F4000992B5 /* Validatable.swift in Sources */ = {isa = PBXBuildFile; fileRef = 32D71B141F4ED7F4000992B5 /* Validatable.swift */; };
		32D71B4A1F4ED7F4000992B5 /* SDKFrontModule.swift in Sources */ = {isa = PBXBuildFile; fileRef = 32D71B161F4ED7F4000992B5 /* SDKFrontModule.swift */; };
		32D71B4C1F4ED7F4000992B5 /* Section.swift in Sources */ = {isa = PBXBuildFile; fileRef = 32D71B1A1F4ED7F4000992B5 /* Section.swift */; };
		32D71B4D1F4ED7F4000992B5 /* Section.xib in Resources */ = {isa = PBXBuildFile; fileRef = 32D71B1B1F4ED7F4000992B5 /* Section.xib */; };
		32DF2B631F4F0A0B008D107B /* DiveFrontSDK.swift in Sources */ = {isa = PBXBuildFile; fileRef = 32DF2B621F4F0A0B008D107B /* DiveFrontSDK.swift */; };
		53CB8066CA0F29A96C7A8CE0 /* Pods_APISDKFront.framework in Frameworks */ = {isa = PBXBuildFile; fileRef = 5F320AB7B55435E8D68F01A1 /* Pods_APISDKFront.framework */; };
/* End PBXBuildFile section */

/* Begin PBXFileReference section */
		317453AD1F5EA45D00843E5B /* Cast.swift */ = {isa = PBXFileReference; lastKnownFileType = sourcecode.swift; path = Cast.swift; sourceTree = "<group>"; };
		317453B61F5EAAC600843E5B /* CastCollectionViewCell.xib */ = {isa = PBXFileReference; fileEncoding = 4; lastKnownFileType = file.xib; path = CastCollectionViewCell.xib; sourceTree = "<group>"; };
		3176F81E1F5D677E00FD823D /* Overview.xib */ = {isa = PBXFileReference; lastKnownFileType = file.xib; path = Overview.xib; sourceTree = "<group>"; };
		3176F8211F5D67F300FD823D /* Overview.swift */ = {isa = PBXFileReference; lastKnownFileType = sourcecode.swift; path = Overview.swift; sourceTree = "<group>"; };
		318DE9001F6140AB006D534C /* Vehicles.swift */ = {isa = PBXFileReference; lastKnownFileType = sourcecode.swift; path = Vehicles.swift; sourceTree = "<group>"; };
		318DE9051F61433C006D534C /* Vehicles.xib */ = {isa = PBXFileReference; fileEncoding = 4; lastKnownFileType = file.xib; path = Vehicles.xib; sourceTree = "<group>"; };
		318DE9101F6188F8006D534C /* HorizontalModule.swift */ = {isa = PBXFileReference; lastKnownFileType = sourcecode.swift; path = HorizontalModule.swift; sourceTree = "<group>"; };
		318DE9131F6191AF006D534C /* Cast.xib */ = {isa = PBXFileReference; fileEncoding = 4; lastKnownFileType = file.xib; path = Cast.xib; sourceTree = "<group>"; };
		318DE9151F6192BE006D534C /* HorizontalListWithTitleCollectionViewCell.swift */ = {isa = PBXFileReference; lastKnownFileType = sourcecode.swift; path = HorizontalListWithTitleCollectionViewCell.swift; sourceTree = "<group>"; };
		318DE91D1F619DB8006D534C /* HorizontalListWithTitleCollectionViewCell.xib */ = {isa = PBXFileReference; fileEncoding = 4; lastKnownFileType = file.xib; path = HorizontalListWithTitleCollectionViewCell.xib; sourceTree = "<group>"; };
		318DE91F1F619EE0006D534C /* HorizontalListNoTitleCollectionViewCell.xib */ = {isa = PBXFileReference; fileEncoding = 4; lastKnownFileType = file.xib; path = HorizontalListNoTitleCollectionViewCell.xib; sourceTree = "<group>"; };
		318DE9211F61A1BF006D534C /* HorizontalListNoTitleCollectionViewCell.swift */ = {isa = PBXFileReference; lastKnownFileType = sourcecode.swift; path = HorizontalListNoTitleCollectionViewCell.swift; sourceTree = "<group>"; };
		318DE9231F61A2A2006D534C /* HorizontalListWithLikeCollectionViewCell.xib */ = {isa = PBXFileReference; fileEncoding = 4; lastKnownFileType = file.xib; path = HorizontalListWithLikeCollectionViewCell.xib; sourceTree = "<group>"; };
		318DE9251F61A38C006D534C /* HorizontalListWithLikeCollectionViewCell.swift */ = {isa = PBXFileReference; lastKnownFileType = sourcecode.swift; path = HorizontalListWithLikeCollectionViewCell.swift; sourceTree = "<group>"; };
		318DE9271F61A403006D534C /* HorizontalListSoundTrackCollectionViewCell.xib */ = {isa = PBXFileReference; fileEncoding = 4; lastKnownFileType = file.xib; path = HorizontalListSoundTrackCollectionViewCell.xib; sourceTree = "<group>"; };
		318DE9291F61A552006D534C /* HorizontalListSoundTrackCollectionViewCell.swift */ = {isa = PBXFileReference; lastKnownFileType = sourcecode.swift; path = HorizontalListSoundTrackCollectionViewCell.swift; sourceTree = "<group>"; };
		318DE92F1F61B88C006D534C /* CastCollectionViewCell.swift */ = {isa = PBXFileReference; lastKnownFileType = sourcecode.swift; path = CastCollectionViewCell.swift; sourceTree = "<group>"; };
		31DE95071F5FE10000841995 /* SelectableLabel.swift */ = {isa = PBXFileReference; fileEncoding = 4; lastKnownFileType = sourcecode.swift; path = SelectableLabel.swift; sourceTree = "<group>"; };
		31DE95091F5FE10C00841995 /* Constants.swift */ = {isa = PBXFileReference; fileEncoding = 4; lastKnownFileType = sourcecode.swift; path = Constants.swift; sourceTree = "<group>"; };
		31DE950E1F5FEC6500841995 /* BasicInfo.swift */ = {isa = PBXFileReference; lastKnownFileType = sourcecode.swift; path = BasicInfo.swift; sourceTree = "<group>"; };
		31DE95151F5FF16000841995 /* BasicInfo.xib */ = {isa = PBXFileReference; fileEncoding = 4; lastKnownFileType = file.xib; path = BasicInfo.xib; sourceTree = "<group>"; };
		31DE95171F5FF49700841995 /* BasicInfoCollectionViewCell.swift */ = {isa = PBXFileReference; lastKnownFileType = sourcecode.swift; path = BasicInfoCollectionViewCell.swift; sourceTree = "<group>"; };
		31DE95181F5FF49700841995 /* BasicInfoCollectionViewCell.xib */ = {isa = PBXFileReference; lastKnownFileType = file.xib; path = BasicInfoCollectionViewCell.xib; sourceTree = "<group>"; };
		31DE951B1F6022CD00841995 /* PlacesShown.swift */ = {isa = PBXFileReference; lastKnownFileType = sourcecode.swift; path = PlacesShown.swift; sourceTree = "<group>"; };
		31DE95201F60253800841995 /* PlacesShown.xib */ = {isa = PBXFileReference; fileEncoding = 4; lastKnownFileType = file.xib; path = PlacesShown.xib; sourceTree = "<group>"; };
		322E45DE1F5542E4009FA621 /* Assets.xcassets */ = {isa = PBXFileReference; lastKnownFileType = folder.assetcatalog; path = Assets.xcassets; sourceTree = "<group>"; };
		3236000A1F502D22000CED94 /* AnchorImage.swift */ = {isa = PBXFileReference; fileEncoding = 4; lastKnownFileType = sourcecode.swift; path = AnchorImage.swift; sourceTree = "<group>"; };
		3236000C1F502D22000CED94 /* DiveWaterFallLayout.swift */ = {isa = PBXFileReference; fileEncoding = 4; lastKnownFileType = sourcecode.swift; path = DiveWaterFallLayout.swift; sourceTree = "<group>"; };
		3236000D1F502D22000CED94 /* ToolsExtensions.swift */ = {isa = PBXFileReference; fileEncoding = 4; lastKnownFileType = sourcecode.swift; path = ToolsExtensions.swift; sourceTree = "<group>"; };
		3236000E1F502D22000CED94 /* Measure.swift */ = {isa = PBXFileReference; fileEncoding = 4; lastKnownFileType = sourcecode.swift; path = Measure.swift; sourceTree = "<group>"; };
		323600101F502D22000CED94 /* MZSelectableLabel.h */ = {isa = PBXFileReference; fileEncoding = 4; lastKnownFileType = sourcecode.c.h; path = MZSelectableLabel.h; sourceTree = "<group>"; };
		323600111F502D22000CED94 /* MZSelectableLabel.m */ = {isa = PBXFileReference; fileEncoding = 4; lastKnownFileType = sourcecode.c.objc; path = MZSelectableLabel.m; sourceTree = "<group>"; };
		323600121F502D22000CED94 /* UIColor+Equalable.h */ = {isa = PBXFileReference; fileEncoding = 4; lastKnownFileType = sourcecode.c.h; path = "UIColor+Equalable.h"; sourceTree = "<group>"; };
		323600131F502D22000CED94 /* UIColor+Equalable.m */ = {isa = PBXFileReference; fileEncoding = 4; lastKnownFileType = sourcecode.c.objc; path = "UIColor+Equalable.m"; sourceTree = "<group>"; };
		323600151F502D22000CED94 /* SCSiriWaveformView.h */ = {isa = PBXFileReference; fileEncoding = 4; lastKnownFileType = sourcecode.c.h; path = SCSiriWaveformView.h; sourceTree = "<group>"; };
		323600161F502D22000CED94 /* SCSiriWaveformView.m */ = {isa = PBXFileReference; fileEncoding = 4; lastKnownFileType = sourcecode.c.objc; path = SCSiriWaveformView.m; sourceTree = "<group>"; };
		323600171F502D22000CED94 /* SynchroLoadingAnimationView.swift */ = {isa = PBXFileReference; fileEncoding = 4; lastKnownFileType = sourcecode.swift; path = SynchroLoadingAnimationView.swift; sourceTree = "<group>"; };
		323600181F502D22000CED94 /* Utils.swift */ = {isa = PBXFileReference; fileEncoding = 4; lastKnownFileType = sourcecode.swift; path = Utils.swift; sourceTree = "<group>"; };
		323600251F502DE6000CED94 /* APISDKExtensions.swift */ = {isa = PBXFileReference; fileEncoding = 4; lastKnownFileType = sourcecode.swift; path = APISDKExtensions.swift; sourceTree = "<group>"; };
		323C17D61F4EDD5A007D2DAF /* DiveApi.framework */ = {isa = PBXFileReference; lastKnownFileType = wrapper.framework; name = DiveApi.framework; path = "../../../../Library/Developer/Xcode/DerivedData/APISDKFront-csfnyidgfbgiufbtorzugaszmeqh/Build/Products/Debug-iphoneos/DiveApi.framework"; sourceTree = "<group>"; };
		323C17D81F4EDD68007D2DAF /* ToolsiOS.framework */ = {isa = PBXFileReference; lastKnownFileType = wrapper.framework; name = ToolsiOS.framework; path = "../../../../Library/Developer/Xcode/DerivedData/APISDKFront-csfnyidgfbgiufbtorzugaszmeqh/Build/Products/Debug-iphoneos/ToolsiOS.framework"; sourceTree = "<group>"; };
		323C17DA1F4EDD6E007D2DAF /* AnalyticsiOS.framework */ = {isa = PBXFileReference; lastKnownFileType = wrapper.framework; name = AnalyticsiOS.framework; path = "../../../../Library/Developer/Xcode/DerivedData/APISDKFront-csfnyidgfbgiufbtorzugaszmeqh/Build/Products/Debug-iphoneos/AnalyticsiOS.framework"; sourceTree = "<group>"; };
		323C17DC1F4EDDCB007D2DAF /* DiveApi.framework */ = {isa = PBXFileReference; lastKnownFileType = wrapper.framework; name = DiveApi.framework; path = "../../dive-rest-ios/DiveApi/build/Debug-iphoneos/DiveApi.framework"; sourceTree = "<group>"; };
		323C17DE1F4EDDFA007D2DAF /* ToolsiOS.framework */ = {isa = PBXFileReference; lastKnownFileType = wrapper.framework; name = ToolsiOS.framework; path = "../../tools_ios/ToolsiOS/build/Debug-iphoneos/ToolsiOS.framework"; sourceTree = "<group>"; };
		3269EF901F57FC5800341A69 /* Sizeable.xib */ = {isa = PBXFileReference; fileEncoding = 4; lastKnownFileType = file.xib; path = Sizeable.xib; sourceTree = "<group>"; };
		3269EFBA1F5836A500341A69 /* ApiSDKConfiguration.swift */ = {isa = PBXFileReference; fileEncoding = 4; lastKnownFileType = sourcecode.swift; path = ApiSDKConfiguration.swift; sourceTree = "<group>"; };
		326DFC471F4EF8C9004E08BC /* DiveApi.framework */ = {isa = PBXFileReference; lastKnownFileType = wrapper.framework; name = DiveApi.framework; path = "../../../../Library/Developer/Xcode/DerivedData/APISDKTestApp-ceifdamuiuwrwsbzeaeweecbdoyg/Build/Products/Debug-iphoneos/DiveApi.framework"; sourceTree = "<group>"; };
		326DFC491F4EF8D0004E08BC /* Analytics.framework */ = {isa = PBXFileReference; lastKnownFileType = wrapper.framework; name = Analytics.framework; path = "../../../../Library/Developer/Xcode/DerivedData/APISDKTestApp-ceifdamuiuwrwsbzeaeweecbdoyg/Build/Products/Debug-iphoneos/Analytics/Analytics.framework"; sourceTree = "<group>"; };
		326DFC4B1F4EF8D7004E08BC /* ToolsiOS.framework */ = {isa = PBXFileReference; lastKnownFileType = wrapper.framework; name = ToolsiOS.framework; path = "../../../../Library/Developer/Xcode/DerivedData/APISDKTestApp-ceifdamuiuwrwsbzeaeweecbdoyg/Build/Products/Debug-iphoneos/ToolsiOS.framework"; sourceTree = "<group>"; };
		326DFC4D1F4EF969004E08BC /* AnalyticsiOS.framework */ = {isa = PBXFileReference; lastKnownFileType = wrapper.framework; name = AnalyticsiOS.framework; path = "../../../../Library/Developer/Xcode/DerivedData/APISDKTestApp-ceifdamuiuwrwsbzeaeweecbdoyg/Build/Products/Debug-iphoneos/AnalyticsiOS.framework"; sourceTree = "<group>"; };
		3273E8D31F5053BD006D8F9D /* Sizeable.swift */ = {isa = PBXFileReference; lastKnownFileType = sourcecode.swift; path = Sizeable.swift; sourceTree = "<group>"; };
		32D00D691F56CCE400018304 /* en */ = {isa = PBXFileReference; lastKnownFileType = text.plist.strings; name = en; path = en.lproj/Localizable.strings; sourceTree = "<group>"; };
		32D00D6B1F56CDC600018304 /* es */ = {isa = PBXFileReference; lastKnownFileType = text.plist.strings; name = es; path = es.lproj/Localizable.strings; sourceTree = "<group>"; };
		32D65FF51F543BEB0048A002 /* MovieHeader.swift */ = {isa = PBXFileReference; lastKnownFileType = sourcecode.swift; path = MovieHeader.swift; sourceTree = "<group>"; };
		32D65FF61F543BEB0048A002 /* MovieHeader.xib */ = {isa = PBXFileReference; lastKnownFileType = file.xib; path = MovieHeader.xib; sourceTree = "<group>"; };
		32D71ADA1F4ED7D9000992B5 /* APISDKFront.framework */ = {isa = PBXFileReference; explicitFileType = wrapper.framework; includeInIndex = 0; path = APISDKFront.framework; sourceTree = BUILT_PRODUCTS_DIR; };
		32D71ADD1F4ED7D9000992B5 /* APISDKFront.h */ = {isa = PBXFileReference; lastKnownFileType = sourcecode.c.h; path = APISDKFront.h; sourceTree = "<group>"; };
		32D71ADE1F4ED7D9000992B5 /* Info.plist */ = {isa = PBXFileReference; lastKnownFileType = text.plist.xml; path = Info.plist; sourceTree = "<group>"; };
		32D71AE61F4ED7F4000992B5 /* BaseCardDetailBuilder.swift */ = {isa = PBXFileReference; fileEncoding = 4; lastKnownFileType = sourcecode.swift; path = BaseCardDetailBuilder.swift; sourceTree = "<group>"; };
		32D71AE71F4ED7F4000992B5 /* CardDetailBuilder.swift */ = {isa = PBXFileReference; fileEncoding = 4; lastKnownFileType = sourcecode.swift; path = CardDetailBuilder.swift; sourceTree = "<group>"; };
		32D71AE81F4ED7F4000992B5 /* CardDetailJson.swift */ = {isa = PBXFileReference; fileEncoding = 4; lastKnownFileType = sourcecode.swift; path = CardDetailJson.swift; sourceTree = "<group>"; };
		32D71AE91F4ED7F4000992B5 /* CardDetailRender.swift */ = {isa = PBXFileReference; fileEncoding = 4; lastKnownFileType = sourcecode.swift; path = CardDetailRender.swift; sourceTree = "<group>"; };
		32D71AEA1F4ED7F4000992B5 /* ModuleValidator.swift */ = {isa = PBXFileReference; fileEncoding = 4; lastKnownFileType = sourcecode.swift; path = ModuleValidator.swift; sourceTree = "<group>"; };
		32D71AEF1F4ED7F4000992B5 /* CardDetailErrors.swift */ = {isa = PBXFileReference; fileEncoding = 4; lastKnownFileType = sourcecode.swift; path = CardDetailErrors.swift; sourceTree = "<group>"; };
		32D71AF21F4ED7F4000992B5 /* ConfigModule.swift */ = {isa = PBXFileReference; fileEncoding = 4; lastKnownFileType = sourcecode.swift; path = ConfigModule.swift; sourceTree = "<group>"; };
		32D71AF31F4ED7F4000992B5 /* ConfigSection.swift */ = {isa = PBXFileReference; fileEncoding = 4; lastKnownFileType = sourcecode.swift; path = ConfigSection.swift; sourceTree = "<group>"; };
		32D71AF81F4ED7F4000992B5 /* DataModelErrors.swift */ = {isa = PBXFileReference; fileEncoding = 4; lastKnownFileType = sourcecode.swift; path = DataModelErrors.swift; sourceTree = "<group>"; };
		32D71AFA1F4ED7F4000992B5 /* ErrorManager.swift */ = {isa = PBXFileReference; fileEncoding = 4; lastKnownFileType = sourcecode.swift; path = ErrorManager.swift; sourceTree = "<group>"; };
		32D71B0D1F4ED7F4000992B5 /* Target.swift */ = {isa = PBXFileReference; fileEncoding = 4; lastKnownFileType = sourcecode.swift; path = Target.swift; sourceTree = "<group>"; };
		32D71B141F4ED7F4000992B5 /* Validatable.swift */ = {isa = PBXFileReference; fileEncoding = 4; lastKnownFileType = sourcecode.swift; path = Validatable.swift; sourceTree = "<group>"; };
		32D71B161F4ED7F4000992B5 /* SDKFrontModule.swift */ = {isa = PBXFileReference; fileEncoding = 4; lastKnownFileType = sourcecode.swift; path = SDKFrontModule.swift; sourceTree = "<group>"; };
		32D71B1A1F4ED7F4000992B5 /* Section.swift */ = {isa = PBXFileReference; fileEncoding = 4; lastKnownFileType = sourcecode.swift; path = Section.swift; sourceTree = "<group>"; };
		32D71B1B1F4ED7F4000992B5 /* Section.xib */ = {isa = PBXFileReference; fileEncoding = 4; lastKnownFileType = file.xib; path = Section.xib; sourceTree = "<group>"; };
		32DF2B621F4F0A0B008D107B /* DiveFrontSDK.swift */ = {isa = PBXFileReference; fileEncoding = 4; lastKnownFileType = sourcecode.swift; path = DiveFrontSDK.swift; sourceTree = "<group>"; };
		32F05EE026BF1E4DFA833A03 /* Pods-APISDKFront.release.xcconfig */ = {isa = PBXFileReference; includeInIndex = 1; lastKnownFileType = text.xcconfig; name = "Pods-APISDKFront.release.xcconfig"; path = "Pods/Target Support Files/Pods-APISDKFront/Pods-APISDKFront.release.xcconfig"; sourceTree = "<group>"; };
		5F320AB7B55435E8D68F01A1 /* Pods_APISDKFront.framework */ = {isa = PBXFileReference; explicitFileType = wrapper.framework; includeInIndex = 0; path = Pods_APISDKFront.framework; sourceTree = BUILT_PRODUCTS_DIR; };
		65113F64805F309EB5D1B0E1 /* Pods-APISDKFront.debug.xcconfig */ = {isa = PBXFileReference; includeInIndex = 1; lastKnownFileType = text.xcconfig; name = "Pods-APISDKFront.debug.xcconfig"; path = "Pods/Target Support Files/Pods-APISDKFront/Pods-APISDKFront.debug.xcconfig"; sourceTree = "<group>"; };
/* End PBXFileReference section */

/* Begin PBXFrameworksBuildPhase section */
		32D71AD61F4ED7D9000992B5 /* Frameworks */ = {
			isa = PBXFrameworksBuildPhase;
			buildActionMask = 2147483647;
			files = (
				326DFC481F4EF8C9004E08BC /* DiveApi.framework in Frameworks */,
				53CB8066CA0F29A96C7A8CE0 /* Pods_APISDKFront.framework in Frameworks */,
			);
			runOnlyForDeploymentPostprocessing = 0;
		};
/* End PBXFrameworksBuildPhase section */

/* Begin PBXGroup section */
		041F30CDDB5D972174E40055 /* Pods */ = {
			isa = PBXGroup;
			children = (
				65113F64805F309EB5D1B0E1 /* Pods-APISDKFront.debug.xcconfig */,
				32F05EE026BF1E4DFA833A03 /* Pods-APISDKFront.release.xcconfig */,
			);
			name = Pods;
			sourceTree = "<group>";
		};
		317453A81F5E9D3E00843E5B /* Cast */ = {
			isa = PBXGroup;
			children = (
				318DE9131F6191AF006D534C /* Cast.xib */,
				317453AD1F5EA45D00843E5B /* Cast.swift */,
				317453B11F5EA84000843E5B /* CastCollectionViewCell */,
			);
			path = Cast;
			sourceTree = "<group>";
		};
		317453B11F5EA84000843E5B /* CastCollectionViewCell */ = {
			isa = PBXGroup;
			children = (
				318DE92F1F61B88C006D534C /* CastCollectionViewCell.swift */,
				317453B61F5EAAC600843E5B /* CastCollectionViewCell.xib */,
			);
			path = CastCollectionViewCell;
			sourceTree = "<group>";
		};
		3176F81D1F5D666600FD823D /* MovieHeader */ = {
			isa = PBXGroup;
			children = (
				32D65FF51F543BEB0048A002 /* MovieHeader.swift */,
				32D65FF61F543BEB0048A002 /* MovieHeader.xib */,
			);
			path = MovieHeader;
			sourceTree = "<group>";
		};
		3176F8201F5D678E00FD823D /* Overview */ = {
			isa = PBXGroup;
			children = (
				3176F81E1F5D677E00FD823D /* Overview.xib */,
				3176F8211F5D67F300FD823D /* Overview.swift */,
			);
			path = Overview;
			sourceTree = "<group>";
		};
		318DE9021F6140B2006D534C /* Vehicles */ = {
			isa = PBXGroup;
			children = (
				318DE9051F61433C006D534C /* Vehicles.xib */,
				318DE9001F6140AB006D534C /* Vehicles.swift */,
			);
			path = Vehicles;
			sourceTree = "<group>";
		};
		318DE9121F618908006D534C /* MainHorizontalModule */ = {
			isa = PBXGroup;
			children = (
				318DE9101F6188F8006D534C /* HorizontalModule.swift */,
				318DE9191F6192C3006D534C /* HorizontalListCollectionViewCells */,
			);
			path = MainHorizontalModule;
			sourceTree = "<group>";
		};
		318DE9191F6192C3006D534C /* HorizontalListCollectionViewCells */ = {
			isa = PBXGroup;
			children = (
				318DE92D1F61A59D006D534C /* HorizontalListNoTitleCollectionViewCell */,
				318DE92B1F61A56E006D534C /* HorizontalListSoundTrackCollectionViewCell */,
				318DE92C1F61A588006D534C /* HorizontalListWithLikeCollectionViewCell */,
				318DE92E1F61A5B5006D534C /* HorizontalListWithTitleCollectionViewCell */,
			);
			path = HorizontalListCollectionViewCells;
			sourceTree = "<group>";
		};
		318DE92B1F61A56E006D534C /* HorizontalListSoundTrackCollectionViewCell */ = {
			isa = PBXGroup;
			children = (
				318DE9271F61A403006D534C /* HorizontalListSoundTrackCollectionViewCell.xib */,
				318DE9291F61A552006D534C /* HorizontalListSoundTrackCollectionViewCell.swift */,
			);
			path = HorizontalListSoundTrackCollectionViewCell;
			sourceTree = "<group>";
		};
		318DE92C1F61A588006D534C /* HorizontalListWithLikeCollectionViewCell */ = {
			isa = PBXGroup;
			children = (
				318DE9251F61A38C006D534C /* HorizontalListWithLikeCollectionViewCell.swift */,
				318DE9231F61A2A2006D534C /* HorizontalListWithLikeCollectionViewCell.xib */,
			);
			path = HorizontalListWithLikeCollectionViewCell;
			sourceTree = "<group>";
		};
		318DE92D1F61A59D006D534C /* HorizontalListNoTitleCollectionViewCell */ = {
			isa = PBXGroup;
			children = (
				318DE9211F61A1BF006D534C /* HorizontalListNoTitleCollectionViewCell.swift */,
				318DE91F1F619EE0006D534C /* HorizontalListNoTitleCollectionViewCell.xib */,
			);
			path = HorizontalListNoTitleCollectionViewCell;
			sourceTree = "<group>";
		};
		318DE92E1F61A5B5006D534C /* HorizontalListWithTitleCollectionViewCell */ = {
			isa = PBXGroup;
			children = (
				318DE9151F6192BE006D534C /* HorizontalListWithTitleCollectionViewCell.swift */,
				318DE91D1F619DB8006D534C /* HorizontalListWithTitleCollectionViewCell.xib */,
			);
			path = HorizontalListWithTitleCollectionViewCell;
			sourceTree = "<group>";
		};
		31DE950D1F5FEAAA00841995 /* BasicInfo */ = {
			isa = PBXGroup;
			children = (
				31DE95151F5FF16000841995 /* BasicInfo.xib */,
				31DE950E1F5FEC6500841995 /* BasicInfo.swift */,
				31DE95141F5FEC9D00841995 /* BasicInfoCollectionViewCell */,
			);
			path = BasicInfo;
			sourceTree = "<group>";
		};
		31DE95141F5FEC9D00841995 /* BasicInfoCollectionViewCell */ = {
			isa = PBXGroup;
			children = (
				31DE95171F5FF49700841995 /* BasicInfoCollectionViewCell.swift */,
				31DE95181F5FF49700841995 /* BasicInfoCollectionViewCell.xib */,
			);
			path = BasicInfoCollectionViewCell;
			sourceTree = "<group>";
		};
		31DE951D1F6022D100841995 /* PlacesShown */ = {
			isa = PBXGroup;
			children = (
				31DE95201F60253800841995 /* PlacesShown.xib */,
				31DE951B1F6022CD00841995 /* PlacesShown.swift */,
			);
			path = PlacesShown;
			sourceTree = "<group>";
		};
		32283AC21F54412400CA8E3B /* Assets */ = {
			isa = PBXGroup;
			children = (
				322E45DE1F5542E4009FA621 /* Assets.xcassets */,
				32D00D6A1F56CCE400018304 /* Localizable.strings */,
			);
			path = Assets;
			sourceTree = "<group>";
		};
		323600091F502D22000CED94 /* ToolsiOS */ = {
			isa = PBXGroup;
			children = (
				31DE95091F5FE10C00841995 /* Constants.swift */,
				3236000A1F502D22000CED94 /* AnchorImage.swift */,
				3236000B1F502D22000CED94 /* Collection Layout */,
				3236000D1F502D22000CED94 /* ToolsExtensions.swift */,
				3236000E1F502D22000CED94 /* Measure.swift */,
				3236000F1F502D22000CED94 /* MZSelectableLabel */,
				323600141F502D22000CED94 /* SCSiriWaveformView */,
				323600171F502D22000CED94 /* SynchroLoadingAnimationView.swift */,
				323600181F502D22000CED94 /* Utils.swift */,
			);
			name = ToolsiOS;
			path = Tools/ToolsiOS;
			sourceTree = "<group>";
		};
		3236000B1F502D22000CED94 /* Collection Layout */ = {
			isa = PBXGroup;
			children = (
				3236000C1F502D22000CED94 /* DiveWaterFallLayout.swift */,
			);
			path = "Collection Layout";
			sourceTree = "<group>";
		};
		3236000F1F502D22000CED94 /* MZSelectableLabel */ = {
			isa = PBXGroup;
			children = (
				31DE95071F5FE10000841995 /* SelectableLabel.swift */,
				323600101F502D22000CED94 /* MZSelectableLabel.h */,
				323600111F502D22000CED94 /* MZSelectableLabel.m */,
				323600121F502D22000CED94 /* UIColor+Equalable.h */,
				323600131F502D22000CED94 /* UIColor+Equalable.m */,
			);
			path = MZSelectableLabel;
			sourceTree = "<group>";
		};
		323600141F502D22000CED94 /* SCSiriWaveformView */ = {
			isa = PBXGroup;
			children = (
				323600151F502D22000CED94 /* SCSiriWaveformView.h */,
				323600161F502D22000CED94 /* SCSiriWaveformView.m */,
			);
			path = SCSiriWaveformView;
			sourceTree = "<group>";
		};
		32D71AD01F4ED7D9000992B5 = {
			isa = PBXGroup;
			children = (
				32D71ADC1F4ED7D9000992B5 /* APISDKFront */,
				32D71ADB1F4ED7D9000992B5 /* Products */,
				041F30CDDB5D972174E40055 /* Pods */,
				6BB7120069EEE075E55CB44D /* Frameworks */,
			);
			sourceTree = "<group>";
		};
		32D71ADB1F4ED7D9000992B5 /* Products */ = {
			isa = PBXGroup;
			children = (
				32D71ADA1F4ED7D9000992B5 /* APISDKFront.framework */,
			);
			name = Products;
			sourceTree = "<group>";
		};
		32D71ADC1F4ED7D9000992B5 /* APISDKFront */ = {
			isa = PBXGroup;
			children = (
				32283AC21F54412400CA8E3B /* Assets */,
				323600091F502D22000CED94 /* ToolsiOS */,
				32DF2B621F4F0A0B008D107B /* DiveFrontSDK.swift */,
				323600251F502DE6000CED94 /* APISDKExtensions.swift */,
				32D71AE51F4ED7F4000992B5 /* Builders */,
				32D71AEB1F4ED7F4000992B5 /* Data */,
				32D71B151F4ED7F4000992B5 /* Modules */,
				32D71B191F4ED7F4000992B5 /* ViewControllers */,
				32D71ADD1F4ED7D9000992B5 /* APISDKFront.h */,
				32D71ADE1F4ED7D9000992B5 /* Info.plist */,
			);
			path = APISDKFront;
			sourceTree = "<group>";
		};
		32D71AE51F4ED7F4000992B5 /* Builders */ = {
			isa = PBXGroup;
			children = (
				32D71AE61F4ED7F4000992B5 /* BaseCardDetailBuilder.swift */,
				32D71AE71F4ED7F4000992B5 /* CardDetailBuilder.swift */,
				32D71AE81F4ED7F4000992B5 /* CardDetailJson.swift */,
				32D71AE91F4ED7F4000992B5 /* CardDetailRender.swift */,
				32D71AEA1F4ED7F4000992B5 /* ModuleValidator.swift */,
			);
			path = Builders;
			sourceTree = "<group>";
		};
		32D71AEB1F4ED7F4000992B5 /* Data */ = {
			isa = PBXGroup;
			children = (
				3269EFBA1F5836A500341A69 /* ApiSDKConfiguration.swift */,
				32D71AEF1F4ED7F4000992B5 /* CardDetailErrors.swift */,
				32D71AF21F4ED7F4000992B5 /* ConfigModule.swift */,
				32D71AF31F4ED7F4000992B5 /* ConfigSection.swift */,
				32D71AF81F4ED7F4000992B5 /* DataModelErrors.swift */,
				32D71AFA1F4ED7F4000992B5 /* ErrorManager.swift */,
				32D71B0D1F4ED7F4000992B5 /* Target.swift */,
				32D71B141F4ED7F4000992B5 /* Validatable.swift */,
			);
			path = Data;
			sourceTree = "<group>";
		};
		32D71B151F4ED7F4000992B5 /* Modules */ = {
			isa = PBXGroup;
			children = (
				3269EF901F57FC5800341A69 /* Sizeable.xib */,
				32D71B161F4ED7F4000992B5 /* SDKFrontModule.swift */,
				3273E8D31F5053BD006D8F9D /* Sizeable.swift */,
				318DE9021F6140B2006D534C /* Vehicles */,
				3176F81D1F5D666600FD823D /* MovieHeader */,
				3176F8201F5D678E00FD823D /* Overview */,
				317453A81F5E9D3E00843E5B /* Cast */,
				31DE950D1F5FEAAA00841995 /* BasicInfo */,
				31DE951D1F6022D100841995 /* PlacesShown */,
				318DE9121F618908006D534C /* MainHorizontalModule */,
			);
			path = Modules;
			sourceTree = "<group>";
		};
		32D71B191F4ED7F4000992B5 /* ViewControllers */ = {
			isa = PBXGroup;
			children = (
				32D71B1A1F4ED7F4000992B5 /* Section.swift */,
				32D71B1B1F4ED7F4000992B5 /* Section.xib */,
			);
			path = ViewControllers;
			sourceTree = "<group>";
		};
		6BB7120069EEE075E55CB44D /* Frameworks */ = {
			isa = PBXGroup;
			children = (
				326DFC4D1F4EF969004E08BC /* AnalyticsiOS.framework */,
				326DFC4B1F4EF8D7004E08BC /* ToolsiOS.framework */,
				326DFC491F4EF8D0004E08BC /* Analytics.framework */,
				326DFC471F4EF8C9004E08BC /* DiveApi.framework */,
				323C17DE1F4EDDFA007D2DAF /* ToolsiOS.framework */,
				323C17DC1F4EDDCB007D2DAF /* DiveApi.framework */,
				323C17DA1F4EDD6E007D2DAF /* AnalyticsiOS.framework */,
				323C17D81F4EDD68007D2DAF /* ToolsiOS.framework */,
				323C17D61F4EDD5A007D2DAF /* DiveApi.framework */,
				5F320AB7B55435E8D68F01A1 /* Pods_APISDKFront.framework */,
			);
			name = Frameworks;
			sourceTree = "<group>";
		};
/* End PBXGroup section */

/* Begin PBXHeadersBuildPhase section */
		32D71AD71F4ED7D9000992B5 /* Headers */ = {
			isa = PBXHeadersBuildPhase;
			buildActionMask = 2147483647;
			files = (
				323600211F502D22000CED94 /* SCSiriWaveformView.h in Headers */,
				3236001F1F502D22000CED94 /* UIColor+Equalable.h in Headers */,
				32D71ADF1F4ED7D9000992B5 /* APISDKFront.h in Headers */,
				3236001D1F502D22000CED94 /* MZSelectableLabel.h in Headers */,
			);
			runOnlyForDeploymentPostprocessing = 0;
		};
/* End PBXHeadersBuildPhase section */

/* Begin PBXNativeTarget section */
		32D71AD91F4ED7D9000992B5 /* APISDKFront */ = {
			isa = PBXNativeTarget;
			buildConfigurationList = 32D71AE21F4ED7D9000992B5 /* Build configuration list for PBXNativeTarget "APISDKFront" */;
			buildPhases = (
				7CAC04D200F143E785C4EB0F /* [CP] Check Pods Manifest.lock */,
				32D71AD51F4ED7D9000992B5 /* Sources */,
				32D71AD61F4ED7D9000992B5 /* Frameworks */,
				32D71AD71F4ED7D9000992B5 /* Headers */,
				32D71AD81F4ED7D9000992B5 /* Resources */,
				A22F2D7D0C8F8FC0C46B9985 /* [CP] Copy Pods Resources */,
			);
			buildRules = (
			);
			dependencies = (
			);
			name = APISDKFront;
			productName = APISDKFront;
			productReference = 32D71ADA1F4ED7D9000992B5 /* APISDKFront.framework */;
			productType = "com.apple.product-type.framework";
		};
/* End PBXNativeTarget section */

/* Begin PBXProject section */
		32D71AD11F4ED7D9000992B5 /* Project object */ = {
			isa = PBXProject;
			attributes = {
				LastUpgradeCheck = 0830;
				ORGANIZATIONNAME = Touchvie;
				TargetAttributes = {
					32D71AD91F4ED7D9000992B5 = {
						CreatedOnToolsVersion = 8.3.2;
						DevelopmentTeam = PSBX4BS489;
						ProvisioningStyle = Automatic;
					};
				};
			};
			buildConfigurationList = 32D71AD41F4ED7D9000992B5 /* Build configuration list for PBXProject "APISDKFront" */;
			compatibilityVersion = "Xcode 3.2";
			developmentRegion = English;
			hasScannedForEncodings = 0;
			knownRegions = (
				en,
				es,
			);
			mainGroup = 32D71AD01F4ED7D9000992B5;
			productRefGroup = 32D71ADB1F4ED7D9000992B5 /* Products */;
			projectDirPath = "";
			projectRoot = "";
			targets = (
				32D71AD91F4ED7D9000992B5 /* APISDKFront */,
			);
		};
/* End PBXProject section */

/* Begin PBXResourcesBuildPhase section */
		32D71AD81F4ED7D9000992B5 /* Resources */ = {
			isa = PBXResourcesBuildPhase;
			buildActionMask = 2147483647;
			files = (
				32D00D681F56CCE400018304 /* Localizable.strings in Resources */,
				31DE95161F5FF16000841995 /* BasicInfo.xib in Resources */,
				318DE9201F619EE0006D534C /* HorizontalListNoTitleCollectionViewCell.xib in Resources */,
				318DE91E1F619DB8006D534C /* HorizontalListWithTitleCollectionViewCell.xib in Resources */,
				3269EF911F57FC5800341A69 /* Sizeable.xib in Resources */,
				31DE951A1F5FF49700841995 /* BasicInfoCollectionViewCell.xib in Resources */,
				318DE9061F61433C006D534C /* Vehicles.xib in Resources */,
				322E45DF1F5542E4009FA621 /* Assets.xcassets in Resources */,
				318DE9241F61A2A3006D534C /* HorizontalListWithLikeCollectionViewCell.xib in Resources */,
				32D71B4D1F4ED7F4000992B5 /* Section.xib in Resources */,
				318DE9281F61A403006D534C /* HorizontalListSoundTrackCollectionViewCell.xib in Resources */,
				3176F81F1F5D677E00FD823D /* Overview.xib in Resources */,
				317453B71F5EAAC600843E5B /* CastCollectionViewCell.xib in Resources */,
				32D65FF81F543BEB0048A002 /* MovieHeader.xib in Resources */,
				31DE95211F60253900841995 /* PlacesShown.xib in Resources */,
				318DE9141F6191AF006D534C /* Cast.xib in Resources */,
			);
			runOnlyForDeploymentPostprocessing = 0;
		};
/* End PBXResourcesBuildPhase section */

/* Begin PBXShellScriptBuildPhase section */
		7CAC04D200F143E785C4EB0F /* [CP] Check Pods Manifest.lock */ = {
			isa = PBXShellScriptBuildPhase;
			buildActionMask = 2147483647;
			files = (
			);
			inputPaths = (
				"${PODS_PODFILE_DIR_PATH}/Podfile.lock",
				"${PODS_ROOT}/Manifest.lock",
			);
			name = "[CP] Check Pods Manifest.lock";
			outputPaths = (
				"$(DERIVED_FILE_DIR)/Pods-APISDKFront-checkManifestLockResult.txt",
			);
			runOnlyForDeploymentPostprocessing = 0;
			shellPath = /bin/sh;
			shellScript = "diff \"${PODS_PODFILE_DIR_PATH}/Podfile.lock\" \"${PODS_ROOT}/Manifest.lock\" > /dev/null\nif [ $? != 0 ] ; then\n    # print error to STDERR\n    echo \"error: The sandbox is not in sync with the Podfile.lock. Run 'pod install' or update your CocoaPods installation.\" >&2\n    exit 1\nfi\n# This output is used by Xcode 'outputs' to avoid re-running this script phase.\necho \"SUCCESS\" > \"${SCRIPT_OUTPUT_FILE_0}\"\n";
			showEnvVarsInLog = 0;
		};
		A22F2D7D0C8F8FC0C46B9985 /* [CP] Copy Pods Resources */ = {
			isa = PBXShellScriptBuildPhase;
			buildActionMask = 2147483647;
			files = (
			);
			inputPaths = (
			);
			name = "[CP] Copy Pods Resources";
			outputPaths = (
			);
			runOnlyForDeploymentPostprocessing = 0;
			shellPath = /bin/sh;
			shellScript = "\"${SRCROOT}/../../api-sdk-test-app-ios/APISDKTestApp/Pods/Target Support Files/Pods-APISDKFront/Pods-APISDKFront-resources.sh\"\n";
			showEnvVarsInLog = 0;
		};
/* End PBXShellScriptBuildPhase section */

/* Begin PBXSourcesBuildPhase section */
		32D71AD51F4ED7D9000992B5 /* Sources */ = {
			isa = PBXSourcesBuildPhase;
			buildActionMask = 2147483647;
			files = (
				32D71B2D1F4ED7F4000992B5 /* DataModelErrors.swift in Sources */,
				32D71B281F4ED7F4000992B5 /* ConfigSection.swift in Sources */,
				3236001B1F502D22000CED94 /* ToolsExtensions.swift in Sources */,
				32D71B491F4ED7F4000992B5 /* Validatable.swift in Sources */,
				31DE95081F5FE10100841995 /* SelectableLabel.swift in Sources */,
				31DE95191F5FF49700841995 /* BasicInfoCollectionViewCell.swift in Sources */,
				3269EFBB1F5836A500341A69 /* ApiSDKConfiguration.swift in Sources */,
				323600221F502D22000CED94 /* SCSiriWaveformView.m in Sources */,
				3236001C1F502D22000CED94 /* Measure.swift in Sources */,
				32D71B201F4ED7F4000992B5 /* ModuleValidator.swift in Sources */,
				32D71B1D1F4ED7F4000992B5 /* CardDetailBuilder.swift in Sources */,
				32D71B241F4ED7F4000992B5 /* CardDetailErrors.swift in Sources */,
				32D71B271F4ED7F4000992B5 /* ConfigModule.swift in Sources */,
				318DE9171F6192BE006D534C /* HorizontalListWithTitleCollectionViewCell.swift in Sources */,
				32D71B421F4ED7F4000992B5 /* Target.swift in Sources */,
				318DE9301F61B88C006D534C /* CastCollectionViewCell.swift in Sources */,
				323600261F502DE6000CED94 /* APISDKExtensions.swift in Sources */,
				3236001E1F502D22000CED94 /* MZSelectableLabel.m in Sources */,
				32D71B1C1F4ED7F4000992B5 /* BaseCardDetailBuilder.swift in Sources */,
				3176F8221F5D67F300FD823D /* Overview.swift in Sources */,
				3273E8D51F5053BD006D8F9D /* Sizeable.swift in Sources */,
				32D71B4A1F4ED7F4000992B5 /* SDKFrontModule.swift in Sources */,
				32D65FF71F543BEB0048A002 /* MovieHeader.swift in Sources */,
				323600191F502D22000CED94 /* AnchorImage.swift in Sources */,
				318DE92A1F61A552006D534C /* HorizontalListSoundTrackCollectionViewCell.swift in Sources */,
				318DE9111F6188F8006D534C /* HorizontalModule.swift in Sources */,
				32D71B1F1F4ED7F4000992B5 /* CardDetailRender.swift in Sources */,
				318DE9011F6140AB006D534C /* Vehicles.swift in Sources */,
				31DE950A1F5FE10C00841995 /* Constants.swift in Sources */,
				31DE950F1F5FEC6500841995 /* BasicInfo.swift in Sources */,
				323600201F502D22000CED94 /* UIColor+Equalable.m in Sources */,
				318DE9261F61A38C006D534C /* HorizontalListWithLikeCollectionViewCell.swift in Sources */,
				31DE951C1F6022CD00841995 /* PlacesShown.swift in Sources */,
				317453AE1F5EA45D00843E5B /* Cast.swift in Sources */,
				32D71B2F1F4ED7F4000992B5 /* ErrorManager.swift in Sources */,
				32DF2B631F4F0A0B008D107B /* DiveFrontSDK.swift in Sources */,
				32D71B4C1F4ED7F4000992B5 /* Section.swift in Sources */,
				32D71B1E1F4ED7F4000992B5 /* CardDetailJson.swift in Sources */,
				318DE9221F61A1BF006D534C /* HorizontalListNoTitleCollectionViewCell.swift in Sources */,
				323600241F502D22000CED94 /* Utils.swift in Sources */,
				323600231F502D22000CED94 /* SynchroLoadingAnimationView.swift in Sources */,
				3236001A1F502D22000CED94 /* DiveWaterFallLayout.swift in Sources */,
			);
			runOnlyForDeploymentPostprocessing = 0;
		};
/* End PBXSourcesBuildPhase section */

/* Begin PBXVariantGroup section */
		32D00D6A1F56CCE400018304 /* Localizable.strings */ = {
			isa = PBXVariantGroup;
			children = (
				32D00D691F56CCE400018304 /* en */,
				32D00D6B1F56CDC600018304 /* es */,
			);
			name = Localizable.strings;
			sourceTree = "<group>";
		};
/* End PBXVariantGroup section */

/* Begin XCBuildConfiguration section */
		32D71AE01F4ED7D9000992B5 /* Debug */ = {
			isa = XCBuildConfiguration;
			buildSettings = {
				ALWAYS_SEARCH_USER_PATHS = NO;
				CLANG_ANALYZER_LOCALIZABILITY_NONLOCALIZED = YES;
				CLANG_ANALYZER_NONNULL = YES;
				CLANG_ANALYZER_NUMBER_OBJECT_CONVERSION = YES_AGGRESSIVE;
				CLANG_CXX_LANGUAGE_STANDARD = "gnu++0x";
				CLANG_CXX_LIBRARY = "libc++";
				CLANG_ENABLE_MODULES = YES;
				CLANG_ENABLE_OBJC_ARC = YES;
				CLANG_WARN_BOOL_CONVERSION = YES;
				CLANG_WARN_CONSTANT_CONVERSION = YES;
				CLANG_WARN_DIRECT_OBJC_ISA_USAGE = YES_ERROR;
				CLANG_WARN_DOCUMENTATION_COMMENTS = YES;
				CLANG_WARN_EMPTY_BODY = YES;
				CLANG_WARN_ENUM_CONVERSION = YES;
				CLANG_WARN_INFINITE_RECURSION = YES;
				CLANG_WARN_INT_CONVERSION = YES;
				CLANG_WARN_OBJC_ROOT_CLASS = YES_ERROR;
				CLANG_WARN_SUSPICIOUS_MOVE = YES;
				CLANG_WARN_UNREACHABLE_CODE = YES;
				CLANG_WARN__DUPLICATE_METHOD_MATCH = YES;
				"CODE_SIGN_IDENTITY[sdk=iphoneos*]" = "iPhone Developer";
				COPY_PHASE_STRIP = NO;
				CURRENT_PROJECT_VERSION = 1;
				DEBUG_INFORMATION_FORMAT = dwarf;
				ENABLE_STRICT_OBJC_MSGSEND = YES;
				ENABLE_TESTABILITY = YES;
				GCC_C_LANGUAGE_STANDARD = gnu99;
				GCC_DYNAMIC_NO_PIC = NO;
				GCC_NO_COMMON_BLOCKS = YES;
				GCC_OPTIMIZATION_LEVEL = 0;
				GCC_PREPROCESSOR_DEFINITIONS = (
					"DEBUG=1",
					"$(inherited)",
				);
				GCC_WARN_64_TO_32_BIT_CONVERSION = YES;
				GCC_WARN_ABOUT_RETURN_TYPE = YES_ERROR;
				GCC_WARN_UNDECLARED_SELECTOR = YES;
				GCC_WARN_UNINITIALIZED_AUTOS = YES_AGGRESSIVE;
				GCC_WARN_UNUSED_FUNCTION = YES;
				GCC_WARN_UNUSED_VARIABLE = YES;
				IPHONEOS_DEPLOYMENT_TARGET = 10.3;
				MTL_ENABLE_DEBUG_INFO = YES;
				ONLY_ACTIVE_ARCH = YES;
				SDKROOT = iphoneos;
				SWIFT_ACTIVE_COMPILATION_CONDITIONS = DEBUG;
				SWIFT_OPTIMIZATION_LEVEL = "-Onone";
				SWIFT_VERSION = 3.0;
				TARGETED_DEVICE_FAMILY = "1,2";
				VERSIONING_SYSTEM = "apple-generic";
				VERSION_INFO_PREFIX = "";
			};
			name = Debug;
		};
		32D71AE11F4ED7D9000992B5 /* Release */ = {
			isa = XCBuildConfiguration;
			buildSettings = {
				ALWAYS_SEARCH_USER_PATHS = NO;
				CLANG_ANALYZER_LOCALIZABILITY_NONLOCALIZED = YES;
				CLANG_ANALYZER_NONNULL = YES;
				CLANG_ANALYZER_NUMBER_OBJECT_CONVERSION = YES_AGGRESSIVE;
				CLANG_CXX_LANGUAGE_STANDARD = "gnu++0x";
				CLANG_CXX_LIBRARY = "libc++";
				CLANG_ENABLE_MODULES = YES;
				CLANG_ENABLE_OBJC_ARC = YES;
				CLANG_WARN_BOOL_CONVERSION = YES;
				CLANG_WARN_CONSTANT_CONVERSION = YES;
				CLANG_WARN_DIRECT_OBJC_ISA_USAGE = YES_ERROR;
				CLANG_WARN_DOCUMENTATION_COMMENTS = YES;
				CLANG_WARN_EMPTY_BODY = YES;
				CLANG_WARN_ENUM_CONVERSION = YES;
				CLANG_WARN_INFINITE_RECURSION = YES;
				CLANG_WARN_INT_CONVERSION = YES;
				CLANG_WARN_OBJC_ROOT_CLASS = YES_ERROR;
				CLANG_WARN_SUSPICIOUS_MOVE = YES;
				CLANG_WARN_UNREACHABLE_CODE = YES;
				CLANG_WARN__DUPLICATE_METHOD_MATCH = YES;
				"CODE_SIGN_IDENTITY[sdk=iphoneos*]" = "iPhone Developer";
				COPY_PHASE_STRIP = NO;
				CURRENT_PROJECT_VERSION = 1;
				DEBUG_INFORMATION_FORMAT = "dwarf-with-dsym";
				ENABLE_NS_ASSERTIONS = NO;
				ENABLE_STRICT_OBJC_MSGSEND = YES;
				GCC_C_LANGUAGE_STANDARD = gnu99;
				GCC_NO_COMMON_BLOCKS = YES;
				GCC_WARN_64_TO_32_BIT_CONVERSION = YES;
				GCC_WARN_ABOUT_RETURN_TYPE = YES_ERROR;
				GCC_WARN_UNDECLARED_SELECTOR = YES;
				GCC_WARN_UNINITIALIZED_AUTOS = YES_AGGRESSIVE;
				GCC_WARN_UNUSED_FUNCTION = YES;
				GCC_WARN_UNUSED_VARIABLE = YES;
				IPHONEOS_DEPLOYMENT_TARGET = 10.3;
				MTL_ENABLE_DEBUG_INFO = NO;
				SDKROOT = iphoneos;
				SWIFT_OPTIMIZATION_LEVEL = "-Owholemodule";
				SWIFT_VERSION = 3.0;
				TARGETED_DEVICE_FAMILY = "1,2";
				VALIDATE_PRODUCT = YES;
				VERSIONING_SYSTEM = "apple-generic";
				VERSION_INFO_PREFIX = "";
			};
			name = Release;
		};
		32D71AE31F4ED7D9000992B5 /* Debug */ = {
			isa = XCBuildConfiguration;
			baseConfigurationReference = 65113F64805F309EB5D1B0E1 /* Pods-APISDKFront.debug.xcconfig */;
			buildSettings = {
				CODE_SIGN_IDENTITY = "";
				DEFINES_MODULE = YES;
				DEVELOPMENT_TEAM = PSBX4BS489;
				DYLIB_COMPATIBILITY_VERSION = 1;
				DYLIB_CURRENT_VERSION = 1;
				DYLIB_INSTALL_NAME_BASE = "@rpath";
				INFOPLIST_FILE = APISDKFront/Info.plist;
				INSTALL_PATH = "$(LOCAL_LIBRARY_DIR)/Frameworks";
				IPHONEOS_DEPLOYMENT_TARGET = 9.0;
				LD_RUNPATH_SEARCH_PATHS = "$(inherited) @executable_path/Frameworks @loader_path/Frameworks";
				PRODUCT_BUNDLE_IDENTIFIER = touchvie.APISDKFront;
				PRODUCT_NAME = "$(TARGET_NAME)";
				SKIP_INSTALL = YES;
				SWIFT_VERSION = 3.0;
			};
			name = Debug;
		};
		32D71AE41F4ED7D9000992B5 /* Release */ = {
			isa = XCBuildConfiguration;
			baseConfigurationReference = 32F05EE026BF1E4DFA833A03 /* Pods-APISDKFront.release.xcconfig */;
			buildSettings = {
				CODE_SIGN_IDENTITY = "";
				DEFINES_MODULE = YES;
				DEVELOPMENT_TEAM = PSBX4BS489;
				DYLIB_COMPATIBILITY_VERSION = 1;
				DYLIB_CURRENT_VERSION = 1;
				DYLIB_INSTALL_NAME_BASE = "@rpath";
				INFOPLIST_FILE = APISDKFront/Info.plist;
				INSTALL_PATH = "$(LOCAL_LIBRARY_DIR)/Frameworks";
				IPHONEOS_DEPLOYMENT_TARGET = 9.0;
				LD_RUNPATH_SEARCH_PATHS = "$(inherited) @executable_path/Frameworks @loader_path/Frameworks";
				PRODUCT_BUNDLE_IDENTIFIER = touchvie.APISDKFront;
				PRODUCT_NAME = "$(TARGET_NAME)";
				SKIP_INSTALL = YES;
				SWIFT_VERSION = 3.0;
			};
			name = Release;
		};
/* End XCBuildConfiguration section */

/* Begin XCConfigurationList section */
		32D71AD41F4ED7D9000992B5 /* Build configuration list for PBXProject "APISDKFront" */ = {
			isa = XCConfigurationList;
			buildConfigurations = (
				32D71AE01F4ED7D9000992B5 /* Debug */,
				32D71AE11F4ED7D9000992B5 /* Release */,
			);
			defaultConfigurationIsVisible = 0;
			defaultConfigurationName = Release;
		};
		32D71AE21F4ED7D9000992B5 /* Build configuration list for PBXNativeTarget "APISDKFront" */ = {
			isa = XCConfigurationList;
			buildConfigurations = (
				32D71AE31F4ED7D9000992B5 /* Debug */,
				32D71AE41F4ED7D9000992B5 /* Release */,
			);
			defaultConfigurationIsVisible = 0;
			defaultConfigurationName = Release;
		};
/* End XCConfigurationList section */
	};
	rootObject = 32D71AD11F4ED7D9000992B5 /* Project object */;
}
